
Microsoft Visual Studio Solution File, Format Version 12.00
# Visual Studio 14
VisualStudioVersion = 14.0.25420.1
MinimumVisualStudioVersion = 10.0.40219.1
Project("{FAE04EC0-301F-11D3-BF4B-00C04F79EFBC}") = "SmarterThanYou.Server", "SmarterThanYou.Server\SmarterThanYou.Server.csproj", "{98AE58AB-4F24-45C9-97FD-65300C90A1F4}"
EndProject
Project("{FAE04EC0-301F-11D3-BF4B-00C04F79EFBC}") = "SmartherThanYou.Models", "SmartherThanYou.Models\SmartherThanYou.Models.csproj", "{4C4C1BFF-FBEF-4DC6-9B4C-7183711765DC}"
EndProject
Project("{FAE04EC0-301F-11D3-BF4B-00C04F79EFBC}") = "SmarterThanYou.Data", "SmarterThanYou.Data\SmarterThanYou.Data.csproj", "{E1919E11-B393-49F4-A14D-3F518798828D}"
EndProject
Project("{FAE04EC0-301F-11D3-BF4B-00C04F79EFBC}") = "SmarterThanYou.Services", "SmarterThanYou.Services\SmarterThanYou.Services.csproj", "{1F312AA8-5A9B-4A17-94E1-45AACA262AE1}"
EndProject
Project("{FAE04EC0-301F-11D3-BF4B-00C04F79EFBC}") = "SmarterThanYou.Mobile", "SmarterThanYou.Mobile\SmarterThanYou.Mobile.csproj", "{B6A53AD9-BC16-4A0E-B6E1-66500479836D}"
EndProject
Global
	GlobalSection(SolutionConfigurationPlatforms) = preSolution
		Debug|Any CPU = Debug|Any CPU
		Debug|ARM = Debug|ARM
		Debug|x64 = Debug|x64
		Debug|x86 = Debug|x86
		Release|Any CPU = Release|Any CPU
		Release|ARM = Release|ARM
		Release|x64 = Release|x64
		Release|x86 = Release|x86
	EndGlobalSection
	GlobalSection(ProjectConfigurationPlatforms) = postSolution
		{98AE58AB-4F24-45C9-97FD-65300C90A1F4}.Debug|Any CPU.ActiveCfg = Debug|Any CPU
		{98AE58AB-4F24-45C9-97FD-65300C90A1F4}.Debug|Any CPU.Build.0 = Debug|Any CPU
		{98AE58AB-4F24-45C9-97FD-65300C90A1F4}.Debug|ARM.ActiveCfg = Debug|Any CPU
		{98AE58AB-4F24-45C9-97FD-65300C90A1F4}.Debug|ARM.Build.0 = Debug|Any CPU
		{98AE58AB-4F24-45C9-97FD-65300C90A1F4}.Debug|x64.ActiveCfg = Debug|Any CPU
		{98AE58AB-4F24-45C9-97FD-65300C90A1F4}.Debug|x64.Build.0 = Debug|Any CPU
		{98AE58AB-4F24-45C9-97FD-65300C90A1F4}.Debug|x86.ActiveCfg = Debug|Any CPU
		{98AE58AB-4F24-45C9-97FD-65300C90A1F4}.Debug|x86.Build.0 = Debug|Any CPU
		{98AE58AB-4F24-45C9-97FD-65300C90A1F4}.Release|Any CPU.ActiveCfg = Release|Any CPU
		{98AE58AB-4F24-45C9-97FD-65300C90A1F4}.Release|Any CPU.Build.0 = Release|Any CPU
		{98AE58AB-4F24-45C9-97FD-65300C90A1F4}.Release|ARM.ActiveCfg = Release|Any CPU
		{98AE58AB-4F24-45C9-97FD-65300C90A1F4}.Release|ARM.Build.0 = Release|Any CPU
		{98AE58AB-4F24-45C9-97FD-65300C90A1F4}.Release|x64.ActiveCfg = Release|Any CPU
		{98AE58AB-4F24-45C9-97FD-65300C90A1F4}.Release|x64.Build.0 = Release|Any CPU
		{98AE58AB-4F24-45C9-97FD-65300C90A1F4}.Release|x86.ActiveCfg = Release|Any CPU
		{98AE58AB-4F24-45C9-97FD-65300C90A1F4}.Release|x86.Build.0 = Release|Any CPU
		{4C4C1BFF-FBEF-4DC6-9B4C-7183711765DC}.Debug|Any CPU.ActiveCfg = Debug|Any CPU
		{4C4C1BFF-FBEF-4DC6-9B4C-7183711765DC}.Debug|Any CPU.Build.0 = Debug|Any CPU
		{4C4C1BFF-FBEF-4DC6-9B4C-7183711765DC}.Debug|ARM.ActiveCfg = Debug|Any CPU
		{4C4C1BFF-FBEF-4DC6-9B4C-7183711765DC}.Debug|ARM.Build.0 = Debug|Any CPU
		{4C4C1BFF-FBEF-4DC6-9B4C-7183711765DC}.Debug|x64.ActiveCfg = Debug|Any CPU
		{4C4C1BFF-FBEF-4DC6-9B4C-7183711765DC}.Debug|x64.Build.0 = Debug|Any CPU
		{4C4C1BFF-FBEF-4DC6-9B4C-7183711765DC}.Debug|x86.ActiveCfg = Debug|Any CPU
		{4C4C1BFF-FBEF-4DC6-9B4C-7183711765DC}.Debug|x86.Build.0 = Debug|Any CPU
		{4C4C1BFF-FBEF-4DC6-9B4C-7183711765DC}.Release|Any CPU.ActiveCfg = Release|Any CPU
		{4C4C1BFF-FBEF-4DC6-9B4C-7183711765DC}.Release|Any CPU.Build.0 = Release|Any CPU
		{4C4C1BFF-FBEF-4DC6-9B4C-7183711765DC}.Release|ARM.ActiveCfg = Release|Any CPU
		{4C4C1BFF-FBEF-4DC6-9B4C-7183711765DC}.Release|ARM.Build.0 = Release|Any CPU
		{4C4C1BFF-FBEF-4DC6-9B4C-7183711765DC}.Release|x64.ActiveCfg = Release|Any CPU
		{4C4C1BFF-FBEF-4DC6-9B4C-7183711765DC}.Release|x64.Build.0 = Release|Any CPU
		{4C4C1BFF-FBEF-4DC6-9B4C-7183711765DC}.Release|x86.ActiveCfg = Release|Any CPU
		{4C4C1BFF-FBEF-4DC6-9B4C-7183711765DC}.Release|x86.Build.0 = Release|Any CPU
		{E1919E11-B393-49F4-A14D-3F518798828D}.Debug|Any CPU.ActiveCfg = Debug|Any CPU
		{E1919E11-B393-49F4-A14D-3F518798828D}.Debug|Any CPU.Build.0 = Debug|Any CPU
		{E1919E11-B393-49F4-A14D-3F518798828D}.Debug|ARM.ActiveCfg = Debug|Any CPU
		{E1919E11-B393-49F4-A14D-3F518798828D}.Debug|ARM.Build.0 = Debug|Any CPU
		{E1919E11-B393-49F4-A14D-3F518798828D}.Debug|x64.ActiveCfg = Debug|Any CPU
		{E1919E11-B393-49F4-A14D-3F518798828D}.Debug|x64.Build.0 = Debug|Any CPU
		{E1919E11-B393-49F4-A14D-3F518798828D}.Debug|x86.ActiveCfg = Debug|Any CPU
		{E1919E11-B393-49F4-A14D-3F518798828D}.Debug|x86.Build.0 = Debug|Any CPU
		{E1919E11-B393-49F4-A14D-3F518798828D}.Release|Any CPU.ActiveCfg = Release|Any CPU
		{E1919E11-B393-49F4-A14D-3F518798828D}.Release|Any CPU.Build.0 = Release|Any CPU
		{E1919E11-B393-49F4-A14D-3F518798828D}.Release|ARM.ActiveCfg = Release|Any CPU
		{E1919E11-B393-49F4-A14D-3F518798828D}.Release|ARM.Build.0 = Release|Any CPU
		{E1919E11-B393-49F4-A14D-3F518798828D}.Release|x64.ActiveCfg = Release|Any CPU
		{E1919E11-B393-49F4-A14D-3F518798828D}.Release|x64.Build.0 = Release|Any CPU
		{E1919E11-B393-49F4-A14D-3F518798828D}.Release|x86.ActiveCfg = Release|Any CPU
		{E1919E11-B393-49F4-A14D-3F518798828D}.Release|x86.Build.0 = Release|Any CPU
		{1F312AA8-5A9B-4A17-94E1-45AACA262AE1}.Debug|Any CPU.ActiveCfg = Debug|Any CPU
		{1F312AA8-5A9B-4A17-94E1-45AACA262AE1}.Debug|Any CPU.Build.0 = Debug|Any CPU
		{1F312AA8-5A9B-4A17-94E1-45AACA262AE1}.Debug|ARM.ActiveCfg = Debug|Any CPU
		{1F312AA8-5A9B-4A17-94E1-45AACA262AE1}.Debug|ARM.Build.0 = Debug|Any CPU
		{1F312AA8-5A9B-4A17-94E1-45AACA262AE1}.Debug|x64.ActiveCfg = Debug|Any CPU
		{1F312AA8-5A9B-4A17-94E1-45AACA262AE1}.Debug|x64.Build.0 = Debug|Any CPU
		{1F312AA8-5A9B-4A17-94E1-45AACA262AE1}.Debug|x86.ActiveCfg = Debug|Any CPU
		{1F312AA8-5A9B-4A17-94E1-45AACA262AE1}.Debug|x86.Build.0 = Debug|Any CPU
		{1F312AA8-5A9B-4A17-94E1-45AACA262AE1}.Release|Any CPU.ActiveCfg = Release|Any CPU
		{1F312AA8-5A9B-4A17-94E1-45AACA262AE1}.Release|Any CPU.Build.0 = Release|Any CPU
		{1F312AA8-5A9B-4A17-94E1-45AACA262AE1}.Release|ARM.ActiveCfg = Release|Any CPU
		{1F312AA8-5A9B-4A17-94E1-45AACA262AE1}.Release|ARM.Build.0 = Release|Any CPU
		{1F312AA8-5A9B-4A17-94E1-45AACA262AE1}.Release|x64.ActiveCfg = Release|Any CPU
		{1F312AA8-5A9B-4A17-94E1-45AACA262AE1}.Release|x64.Build.0 = Release|Any CPU
		{1F312AA8-5A9B-4A17-94E1-45AACA262AE1}.Release|x86.ActiveCfg = Release|Any CPU
		{1F312AA8-5A9B-4A17-94E1-45AACA262AE1}.Release|x86.Build.0 = Release|Any CPU
		{B6A53AD9-BC16-4A0E-B6E1-66500479836D}.Debug|Any CPU.ActiveCfg = Debug|Any CPU
		{B6A53AD9-BC16-4A0E-B6E1-66500479836D}.Debug|Any CPU.Build.0 = Debug|Any CPU
		{B6A53AD9-BC16-4A0E-B6E1-66500479836D}.Debug|Any CPU.Deploy.0 = Debug|Any CPU
		{B6A53AD9-BC16-4A0E-B6E1-66500479836D}.Debug|ARM.ActiveCfg = Debug|ARM
		{B6A53AD9-BC16-4A0E-B6E1-66500479836D}.Debug|ARM.Build.0 = Debug|ARM
		{B6A53AD9-BC16-4A0E-B6E1-66500479836D}.Debug|ARM.Deploy.0 = Debug|ARM
		{B6A53AD9-BC16-4A0E-B6E1-66500479836D}.Debug|x64.ActiveCfg = Debug|Any CPU
		{B6A53AD9-BC16-4A0E-B6E1-66500479836D}.Debug|x64.Build.0 = Debug|Any CPU
		{B6A53AD9-BC16-4A0E-B6E1-66500479836D}.Debug|x64.Deploy.0 = Debug|Any CPU
		{B6A53AD9-BC16-4A0E-B6E1-66500479836D}.Debug|x86.ActiveCfg = Debug|x86
		{B6A53AD9-BC16-4A0E-B6E1-66500479836D}.Debug|x86.Build.0 = Debug|x86
		{B6A53AD9-BC16-4A0E-B6E1-66500479836D}.Debug|x86.Deploy.0 = Debug|x86
		{B6A53AD9-BC16-4A0E-B6E1-66500479836D}.Release|Any CPU.ActiveCfg = Release|Any CPU
		{B6A53AD9-BC16-4A0E-B6E1-66500479836D}.Release|Any CPU.Build.0 = Release|Any CPU
		{B6A53AD9-BC16-4A0E-B6E1-66500479836D}.Release|Any CPU.Deploy.0 = Release|Any CPU
		{B6A53AD9-BC16-4A0E-B6E1-66500479836D}.Release|ARM.ActiveCfg = Release|ARM
		{B6A53AD9-BC16-4A0E-B6E1-66500479836D}.Release|ARM.Build.0 = Release|ARM
		{B6A53AD9-BC16-4A0E-B6E1-66500479836D}.Release|ARM.Deploy.0 = Release|ARM
		{B6A53AD9-BC16-4A0E-B6E1-66500479836D}.Release|x64.ActiveCfg = Release|Any CPU
		{B6A53AD9-BC16-4A0E-B6E1-66500479836D}.Release|x64.Build.0 = Release|Any CPU
		{B6A53AD9-BC16-4A0E-B6E1-66500479836D}.Release|x64.Deploy.0 = Release|Any CPU
		{B6A53AD9-BC16-4A0E-B6E1-66500479836D}.Release|x86.ActiveCfg = Release|x86
		{B6A53AD9-BC16-4A0E-B6E1-66500479836D}.Release|x86.Build.0 = Release|x86
		{B6A53AD9-BC16-4A0E-B6E1-66500479836D}.Release|x86.Deploy.0 = Release|x86
	EndGlobalSection
	GlobalSection(SolutionProperties) = preSolution
		HideSolutionNode = FALSE
	EndGlobalSection
EndGlobal
